
Microsoft Visual Studio Solution File, Format Version 12.00
# Visual Studio Version 16
VisualStudioVersion = 16.0.30320.27
MinimumVisualStudioVersion = 10.0.40219.1
Project("{FAE04EC0-301F-11D3-BF4B-00C04F79EFBC}") = "CoffeeInventory.UWP", "CoffeeInventory\CoffeeInventory.UWP\CoffeeInventory.UWP.csproj", "{894AE539-3516-4C5D-8D90-758ADCC1DF11}"
EndProject
Project("{FAE04EC0-301F-11D3-BF4B-00C04F79EFBC}") = "CoffeeInventory.Android", "CoffeeInventory\CoffeeInventory.Android\CoffeeInventory.Android.csproj", "{2E859106-4979-4673-8976-76514D061801}"
EndProject
Project("{FAE04EC0-301F-11D3-BF4B-00C04F79EFBC}") = "CoffeeInventory.iOS", "CoffeeInventory\CoffeeInventory.iOS\CoffeeInventory.iOS.csproj", "{97C88792-114D-4867-A94C-3D1D646AB4F3}"
EndProject
Project("{FAE04EC0-301F-11D3-BF4B-00C04F79EFBC}") = "CoffeeInventory", "CoffeeInventory\CoffeeInventory\CoffeeInventory.csproj", "{3A88BE56-B74B-4313-BB53-C2035320DD6E}"
EndProject
Global
	GlobalSection(SolutionConfigurationPlatforms) = preSolution
		Debug|Any CPU = Debug|Any CPU
		Debug|ARM = Debug|ARM
		Debug|iPhone = Debug|iPhone
		Debug|iPhoneSimulator = Debug|iPhoneSimulator
		Debug|x64 = Debug|x64
		Debug|x86 = Debug|x86
		Release|Any CPU = Release|Any CPU
		Release|ARM = Release|ARM
		Release|iPhone = Release|iPhone
		Release|iPhoneSimulator = Release|iPhoneSimulator
		Release|x64 = Release|x64
		Release|x86 = Release|x86
	EndGlobalSection
	GlobalSection(ProjectConfigurationPlatforms) = postSolution
		{894AE539-3516-4C5D-8D90-758ADCC1DF11}.Debug|Any CPU.ActiveCfg = Debug|x86
		{894AE539-3516-4C5D-8D90-758ADCC1DF11}.Debug|Any CPU.Build.0 = Debug|x86
		{894AE539-3516-4C5D-8D90-758ADCC1DF11}.Debug|Any CPU.Deploy.0 = Debug|x86
		{894AE539-3516-4C5D-8D90-758ADCC1DF11}.Debug|ARM.ActiveCfg = Debug|ARM
		{894AE539-3516-4C5D-8D90-758ADCC1DF11}.Debug|ARM.Build.0 = Debug|ARM
		{894AE539-3516-4C5D-8D90-758ADCC1DF11}.Debug|ARM.Deploy.0 = Debug|ARM
		{894AE539-3516-4C5D-8D90-758ADCC1DF11}.Debug|iPhone.ActiveCfg = Debug|x86
		{894AE539-3516-4C5D-8D90-758ADCC1DF11}.Debug|iPhone.Build.0 = Debug|x86
		{894AE539-3516-4C5D-8D90-758ADCC1DF11}.Debug|iPhone.Deploy.0 = Debug|x86
		{894AE539-3516-4C5D-8D90-758ADCC1DF11}.Debug|iPhoneSimulator.ActiveCfg = Debug|x86
		{894AE539-3516-4C5D-8D90-758ADCC1DF11}.Debug|iPhoneSimulator.Build.0 = Debug|x86
		{894AE539-3516-4C5D-8D90-758ADCC1DF11}.Debug|iPhoneSimulator.Deploy.0 = Debug|x86
		{894AE539-3516-4C5D-8D90-758ADCC1DF11}.Debug|x64.ActiveCfg = Debug|x64
		{894AE539-3516-4C5D-8D90-758ADCC1DF11}.Debug|x64.Build.0 = Debug|x64
		{894AE539-3516-4C5D-8D90-758ADCC1DF11}.Debug|x64.Deploy.0 = Debug|x64
		{894AE539-3516-4C5D-8D90-758ADCC1DF11}.Debug|x86.ActiveCfg = Debug|x86
		{894AE539-3516-4C5D-8D90-758ADCC1DF11}.Debug|x86.Build.0 = Debug|x86
		{894AE539-3516-4C5D-8D90-758ADCC1DF11}.Debug|x86.Deploy.0 = Debug|x86
		{894AE539-3516-4C5D-8D90-758ADCC1DF11}.Release|Any CPU.ActiveCfg = Release|x86
		{894AE539-3516-4C5D-8D90-758ADCC1DF11}.Release|Any CPU.Build.0 = Release|x86
		{894AE539-3516-4C5D-8D90-758ADCC1DF11}.Release|Any CPU.Deploy.0 = Release|x86
		{894AE539-3516-4C5D-8D90-758ADCC1DF11}.Release|ARM.ActiveCfg = Release|ARM
		{894AE539-3516-4C5D-8D90-758ADCC1DF11}.Release|ARM.Build.0 = Release|ARM
		{894AE539-3516-4C5D-8D90-758ADCC1DF11}.Release|ARM.Deploy.0 = Release|ARM
		{894AE539-3516-4C5D-8D90-758ADCC1DF11}.Release|iPhone.ActiveCfg = Release|x86
		{894AE539-3516-4C5D-8D90-758ADCC1DF11}.Release|iPhone.Build.0 = Release|x86
		{894AE539-3516-4C5D-8D90-758ADCC1DF11}.Release|iPhone.Deploy.0 = Release|x86
		{894AE539-3516-4C5D-8D90-758ADCC1DF11}.Release|iPhoneSimulator.ActiveCfg = Release|x86
		{894AE539-3516-4C5D-8D90-758ADCC1DF11}.Release|iPhoneSimulator.Build.0 = Release|x86
		{894AE539-3516-4C5D-8D90-758ADCC1DF11}.Release|iPhoneSimulator.Deploy.0 = Release|x86
		{894AE539-3516-4C5D-8D90-758ADCC1DF11}.Release|x64.ActiveCfg = Release|x64
		{894AE539-3516-4C5D-8D90-758ADCC1DF11}.Release|x64.Build.0 = Release|x64
		{894AE539-3516-4C5D-8D90-758ADCC1DF11}.Release|x64.Deploy.0 = Release|x64
		{894AE539-3516-4C5D-8D90-758ADCC1DF11}.Release|x86.ActiveCfg = Release|x86
		{894AE539-3516-4C5D-8D90-758ADCC1DF11}.Release|x86.Build.0 = Release|x86
		{894AE539-3516-4C5D-8D90-758ADCC1DF11}.Release|x86.Deploy.0 = Release|x86
		{2E859106-4979-4673-8976-76514D061801}.Debug|Any CPU.ActiveCfg = Debug|Any CPU
		{2E859106-4979-4673-8976-76514D061801}.Debug|Any CPU.Build.0 = Debug|Any CPU
		{2E859106-4979-4673-8976-76514D061801}.Debug|Any CPU.Deploy.0 = Debug|Any CPU
		{2E859106-4979-4673-8976-76514D061801}.Debug|ARM.ActiveCfg = Debug|Any CPU
		{2E859106-4979-4673-8976-76514D061801}.Debug|ARM.Build.0 = Debug|Any CPU
		{2E859106-4979-4673-8976-76514D061801}.Debug|ARM.Deploy.0 = Debug|Any CPU
		{2E859106-4979-4673-8976-76514D061801}.Debug|iPhone.ActiveCfg = Debug|Any CPU
		{2E859106-4979-4673-8976-76514D061801}.Debug|iPhone.Build.0 = Debug|Any CPU
		{2E859106-4979-4673-8976-76514D061801}.Debug|iPhone.Deploy.0 = Debug|Any CPU
		{2E859106-4979-4673-8976-76514D061801}.Debug|iPhoneSimulator.ActiveCfg = Debug|Any CPU
		{2E859106-4979-4673-8976-76514D061801}.Debug|iPhoneSimulator.Build.0 = Debug|Any CPU
		{2E859106-4979-4673-8976-76514D061801}.Debug|iPhoneSimulator.Deploy.0 = Debug|Any CPU
		{2E859106-4979-4673-8976-76514D061801}.Debug|x64.ActiveCfg = Debug|Any CPU
		{2E859106-4979-4673-8976-76514D061801}.Debug|x64.Build.0 = Debug|Any CPU
		{2E859106-4979-4673-8976-76514D061801}.Debug|x64.Deploy.0 = Debug|Any CPU
		{2E859106-4979-4673-8976-76514D061801}.Debug|x86.ActiveCfg = Debug|Any CPU
		{2E859106-4979-4673-8976-76514D061801}.Debug|x86.Build.0 = Debug|Any CPU
		{2E859106-4979-4673-8976-76514D061801}.Debug|x86.Deploy.0 = Debug|Any CPU
		{2E859106-4979-4673-8976-76514D061801}.Release|Any CPU.ActiveCfg = Release|Any CPU
		{2E859106-4979-4673-8976-76514D061801}.Release|Any CPU.Build.0 = Release|Any CPU
		{2E859106-4979-4673-8976-76514D061801}.Release|Any CPU.Deploy.0 = Release|Any CPU
		{2E859106-4979-4673-8976-76514D061801}.Release|ARM.ActiveCfg = Release|Any CPU
		{2E859106-4979-4673-8976-76514D061801}.Release|ARM.Build.0 = Release|Any CPU
		{2E859106-4979-4673-8976-76514D061801}.Release|ARM.Deploy.0 = Release|Any CPU
		{2E859106-4979-4673-8976-76514D061801}.Release|iPhone.ActiveCfg = Release|Any CPU
		{2E859106-4979-4673-8976-76514D061801}.Release|iPhone.Build.0 = Release|Any CPU
		{2E859106-4979-4673-8976-76514D061801}.Release|iPhone.Deploy.0 = Release|Any CPU
		{2E859106-4979-4673-8976-76514D061801}.Release|iPhoneSimulator.ActiveCfg = Release|Any CPU
		{2E859106-4979-4673-8976-76514D061801}.Release|iPhoneSimulator.Build.0 = Release|Any CPU
		{2E859106-4979-4673-8976-76514D061801}.Release|iPhoneSimulator.Deploy.0 = Release|Any CPU
		{2E859106-4979-4673-8976-76514D061801}.Release|x64.ActiveCfg = Release|Any CPU
		{2E859106-4979-4673-8976-76514D061801}.Release|x64.Build.0 = Release|Any CPU
		{2E859106-4979-4673-8976-76514D061801}.Release|x64.Deploy.0 = Release|Any CPU
		{2E859106-4979-4673-8976-76514D061801}.Release|x86.ActiveCfg = Release|Any CPU
		{2E859106-4979-4673-8976-76514D061801}.Release|x86.Build.0 = Release|Any CPU
		{2E859106-4979-4673-8976-76514D061801}.Release|x86.Deploy.0 = Release|Any CPU
		{97C88792-114D-4867-A94C-3D1D646AB4F3}.Debug|Any CPU.ActiveCfg = Debug|iPhone
		{97C88792-114D-4867-A94C-3D1D646AB4F3}.Debug|Any CPU.Build.0 = Debug|iPhone
		{97C88792-114D-4867-A94C-3D1D646AB4F3}.Debug|Any CPU.Deploy.0 = Debug|iPhone
		{97C88792-114D-4867-A94C-3D1D646AB4F3}.Debug|ARM.ActiveCfg = Debug|iPhone
		{97C88792-114D-4867-A94C-3D1D646AB4F3}.Debug|ARM.Build.0 = Debug|iPhone
		{97C88792-114D-4867-A94C-3D1D646AB4F3}.Debug|ARM.Deploy.0 = Debug|iPhone
		{97C88792-114D-4867-A94C-3D1D646AB4F3}.Debug|iPhone.ActiveCfg = Debug|iPhone
		{97C88792-114D-4867-A94C-3D1D646AB4F3}.Debug|iPhone.Build.0 = Debug|iPhone
		{97C88792-114D-4867-A94C-3D1D646AB4F3}.Debug|iPhone.Deploy.0 = Debug|iPhone
		{97C88792-114D-4867-A94C-3D1D646AB4F3}.Debug|iPhoneSimulator.ActiveCfg = Debug|iPhoneSimulator
		{97C88792-114D-4867-A94C-3D1D646AB4F3}.Debug|iPhoneSimulator.Build.0 = Debug|iPhoneSimulator
		{97C88792-114D-4867-A94C-3D1D646AB4F3}.Debug|iPhoneSimulator.Deploy.0 = Debug|iPhoneSimulator
		{97C88792-114D-4867-A94C-3D1D646AB4F3}.Debug|x64.ActiveCfg = Debug|iPhone
		{97C88792-114D-4867-A94C-3D1D646AB4F3}.Debug|x64.Build.0 = Debug|iPhone
		{97C88792-114D-4867-A94C-3D1D646AB4F3}.Debug|x64.Deploy.0 = Debug|iPhone
		{97C88792-114D-4867-A94C-3D1D646AB4F3}.Debug|x86.ActiveCfg = Debug|iPhone
		{97C88792-114D-4867-A94C-3D1D646AB4F3}.Debug|x86.Build.0 = Debug|iPhone
		{97C88792-114D-4867-A94C-3D1D646AB4F3}.Debug|x86.Deploy.0 = Debug|iPhone
		{97C88792-114D-4867-A94C-3D1D646AB4F3}.Release|Any CPU.ActiveCfg = Release|iPhone
		{97C88792-114D-4867-A94C-3D1D646AB4F3}.Release|Any CPU.Build.0 = Release|iPhone
		{97C88792-114D-4867-A94C-3D1D646AB4F3}.Release|Any CPU.Deploy.0 = Release|iPhone
		{97C88792-114D-4867-A94C-3D1D646AB4F3}.Release|ARM.ActiveCfg = Release|iPhone
		{97C88792-114D-4867-A94C-3D1D646AB4F3}.Release|ARM.Build.0 = Release|iPhone
		{97C88792-114D-4867-A94C-3D1D646AB4F3}.Release|ARM.Deploy.0 = Release|iPhone
		{97C88792-114D-4867-A94C-3D1D646AB4F3}.Release|iPhone.ActiveCfg = Release|iPhone
		{97C88792-114D-4867-A94C-3D1D646AB4F3}.Release|iPhone.Build.0 = Release|iPhone
		{97C88792-114D-4867-A94C-3D1D646AB4F3}.Release|iPhone.Deploy.0 = Release|iPhone
		{97C88792-114D-4867-A94C-3D1D646AB4F3}.Release|iPhoneSimulator.ActiveCfg = Release|iPhoneSimulator
		{97C88792-114D-4867-A94C-3D1D646AB4F3}.Release|iPhoneSimulator.Build.0 = Release|iPhoneSimulator
		{97C88792-114D-4867-A94C-3D1D646AB4F3}.Release|iPhoneSimulator.Deploy.0 = Release|iPhoneSimulator
		{97C88792-114D-4867-A94C-3D1D646AB4F3}.Release|x64.ActiveCfg = Release|iPhone
		{97C88792-114D-4867-A94C-3D1D646AB4F3}.Release|x64.Build.0 = Release|iPhone
		{97C88792-114D-4867-A94C-3D1D646AB4F3}.Release|x64.Deploy.0 = Release|iPhone
		{97C88792-114D-4867-A94C-3D1D646AB4F3}.Release|x86.ActiveCfg = Release|iPhone
		{97C88792-114D-4867-A94C-3D1D646AB4F3}.Release|x86.Build.0 = Release|iPhone
		{97C88792-114D-4867-A94C-3D1D646AB4F3}.Release|x86.Deploy.0 = Release|iPhone
		{3A88BE56-B74B-4313-BB53-C2035320DD6E}.Debug|Any CPU.ActiveCfg = Debug|Any CPU
		{3A88BE56-B74B-4313-BB53-C2035320DD6E}.Debug|Any CPU.Build.0 = Debug|Any CPU
		{3A88BE56-B74B-4313-BB53-C2035320DD6E}.Debug|Any CPU.Deploy.0 = Debug|Any CPU
		{3A88BE56-B74B-4313-BB53-C2035320DD6E}.Debug|ARM.ActiveCfg = Debug|Any CPU
		{3A88BE56-B74B-4313-BB53-C2035320DD6E}.Debug|ARM.Build.0 = Debug|Any CPU
		{3A88BE56-B74B-4313-BB53-C2035320DD6E}.Debug|ARM.Deploy.0 = Debug|Any CPU
		{3A88BE56-B74B-4313-BB53-C2035320DD6E}.Debug|iPhone.ActiveCfg = Debug|Any CPU
		{3A88BE56-B74B-4313-BB53-C2035320DD6E}.Debug|iPhone.Build.0 = Debug|Any CPU
		{3A88BE56-B74B-4313-BB53-C2035320DD6E}.Debug|iPhone.Deploy.0 = Debug|Any CPU
		{3A88BE56-B74B-4313-BB53-C2035320DD6E}.Debug|iPhoneSimulator.ActiveCfg = Debug|Any CPU
		{3A88BE56-B74B-4313-BB53-C2035320DD6E}.Debug|iPhoneSimulator.Build.0 = Debug|Any CPU
		{3A88BE56-B74B-4313-BB53-C2035320DD6E}.Debug|iPhoneSimulator.Deploy.0 = Debug|Any CPU
		{3A88BE56-B74B-4313-BB53-C2035320DD6E}.Debug|x64.ActiveCfg = Debug|Any CPU
		{3A88BE56-B74B-4313-BB53-C2035320DD6E}.Debug|x64.Build.0 = Debug|Any CPU
		{3A88BE56-B74B-4313-BB53-C2035320DD6E}.Debug|x64.Deploy.0 = Debug|Any CPU
		{3A88BE56-B74B-4313-BB53-C2035320DD6E}.Debug|x86.ActiveCfg = Debug|Any CPU
		{3A88BE56-B74B-4313-BB53-C2035320DD6E}.Debug|x86.Build.0 = Debug|Any CPU
		{3A88BE56-B74B-4313-BB53-C2035320DD6E}.Debug|x86.Deploy.0 = Debug|Any CPU
		{3A88BE56-B74B-4313-BB53-C2035320DD6E}.Release|Any CPU.ActiveCfg = Release|Any CPU
		{3A88BE56-B74B-4313-BB53-C2035320DD6E}.Release|Any CPU.Build.0 = Release|Any CPU
		{3A88BE56-B74B-4313-BB53-C2035320DD6E}.Release|Any CPU.Deploy.0 = Release|Any CPU
		{3A88BE56-B74B-4313-BB53-C2035320DD6E}.Release|ARM.ActiveCfg = Release|Any CPU
		{3A88BE56-B74B-4313-BB53-C2035320DD6E}.Release|ARM.Build.0 = Release|Any CPU
		{3A88BE56-B74B-4313-BB53-C2035320DD6E}.Release|ARM.Deploy.0 = Release|Any CPU
		{3A88BE56-B74B-4313-BB53-C2035320DD6E}.Release|iPhone.ActiveCfg = Release|Any CPU
		{3A88BE56-B74B-4313-BB53-C2035320DD6E}.Release|iPhone.Build.0 = Release|Any CPU
		{3A88BE56-B74B-4313-BB53-C2035320DD6E}.Release|iPhone.Deploy.0 = Release|Any CPU
		{3A88BE56-B74B-4313-BB53-C2035320DD6E}.Release|iPhoneSimulator.ActiveCfg = Release|Any CPU
		{3A88BE56-B74B-4313-BB53-C2035320DD6E}.Release|iPhoneSimulator.Build.0 = Release|Any CPU
		{3A88BE56-B74B-4313-BB53-C2035320DD6E}.Release|iPhoneSimulator.Deploy.0 = Release|Any CPU
		{3A88BE56-B74B-4313-BB53-C2035320DD6E}.Release|x64.ActiveCfg = Release|Any CPU
		{3A88BE56-B74B-4313-BB53-C2035320DD6E}.Release|x64.Build.0 = Release|Any CPU
		{3A88BE56-B74B-4313-BB53-C2035320DD6E}.Release|x64.Deploy.0 = Release|Any CPU
		{3A88BE56-B74B-4313-BB53-C2035320DD6E}.Release|x86.ActiveCfg = Release|Any CPU
		{3A88BE56-B74B-4313-BB53-C2035320DD6E}.Release|x86.Build.0 = Release|Any CPU
		{3A88BE56-B74B-4313-BB53-C2035320DD6E}.Release|x86.Deploy.0 = Release|Any CPU
	EndGlobalSection
	GlobalSection(SolutionProperties) = preSolution
		HideSolutionNode = FALSE
	EndGlobalSection
	GlobalSection(ExtensibilityGlobals) = postSolution
		SolutionGuid = {66895A51-8D13-4FCC-93BF-3FFC7B70C51D}
	EndGlobalSection
EndGlobal
